
Microsoft Visual Studio Solution File, Format Version 12.00
# Visual Studio Version 17
VisualStudioVersion = 17.13.35913.81 d17.13
MinimumVisualStudioVersion = 10.0.40219.1
Project("{FAE04EC0-301F-11D3-BF4B-00C04F79EFBC}") = "Q1_QE123456", "Q1_QE123456\Q1_QE123456.csproj", "{FD796CC4-49CC-4D0C-9A05-CF5B814ED8EB}"
EndProject
Global
	GlobalSection(SolutionConfigurationPlatforms) = preSolution
		Debug|Any CPU = Debug|Any CPU
		Release|Any CPU = Release|Any CPU
	EndGlobalSection
	GlobalSection(ProjectConfigurationPlatforms) = postSolution
		{FD796CC4-49CC-4D0C-9A05-CF5B814ED8EB}.Debug|Any CPU.ActiveCfg = Debug|Any CPU
		{FD796CC4-49CC-4D0C-9A05-CF5B814ED8EB}.Debug|Any CPU.Build.0 = Debug|Any CPU
		{FD796CC4-49CC-4D0C-9A05-CF5B814ED8EB}.Release|Any CPU.ActiveCfg = Release|Any CPU
		{FD796CC4-49CC-4D0C-9A05-CF5B814ED8EB}.Release|Any CPU.Build.0 = Release|Any CPU
	EndGlobalSection
	GlobalSection(SolutionProperties) = preSolution
		HideSolutionNode = FALSE
	EndGlobalSection
	GlobalSection(ExtensibilityGlobals) = postSolution
		SolutionGuid = {FA5121BE-B527-4B2E-BB6F-B72F1EE116F5}
	EndGlobalSection
EndGlobal
